<?xml version="1.0" encoding="utf-8"?>
<Project ToolsVersion="4.0" xmlns="http://schemas.microsoft.com/developer/msbuild/2003">
  <ItemGroup>
    <Filter Include="资源文件">
      <UniqueIdentifier>{67DA6AB6-F800-4c08-8B7A-83BB121AAD01}</UniqueIdentifier>
      <Extensions>rc;ico;cur;bmp;dlg;rc2;rct;bin;rgs;gif;jpg;jpeg;jpe;resx;tiff;tif;png;wav;mfcribbon-ms</Extensions>
    </Filter>
    <Filter Include="子弹类">
      <UniqueIdentifier>{4FC737F1-C7A5-4376-A066-2A32D752A2FF}</UniqueIdentifier>
      <Extensions>cpp;c;cc;cxx;c++;cppm;ixx;def;odl;idl;hpj;bat;asm;asmx</Extensions>
    </Filter>
    <Filter Include="坦克类">
      <UniqueIdentifier>{999e1fbf-b632-4f63-b307-b7520ffa84fa}</UniqueIdentifier>
    </Filter>
    <Filter Include="游戏类">
      <UniqueIdentifier>{2a113436-ca06-4838-8c73-a2a48814c2bc}</UniqueIdentifier>
    </Filter>
    <Filter Include="main函数">
      <UniqueIdentifier>{93995380-89BD-4b04-88EB-625FBE52EBFB}</UniqueIdentifier>
      <Extensions>h;hh;hpp;hxx;h++;hm;inl;inc;ipp;xsd</Extensions>
    </Filter>
    <Filter Include="地图类">
      <UniqueIdentifier>{4a917252-9c51-44d2-8246-37f666122b59}</UniqueIdentifier>
    </Filter>
    <Filter Include="计分板">
      <UniqueIdentifier>{03bead5e-5dab-42f0-ac6d-f8a4fc9f83c2}</UniqueIdentifier>
    </Filter>
  </ItemGroup>
  <ItemGroup>
    <ClCompile Include="bullet.cpp">
      <Filter>子弹类</Filter>
    </ClCompile>
    <ClCompile Include="game.cpp">
      <Filter>游戏类</Filter>
    </ClCompile>
    <ClCompile Include="main.cpp">
      <Filter>main函数</Filter>
    </ClCompile>
    <ClCompile Include="map.cpp">
      <Filter>地图类</Filter>
    </ClCompile>
    <ClCompile Include="tank.cpp">
      <Filter>坦克类</Filter>
    </ClCompile>
    <ClCompile Include="score.cpp">
      <Filter>计分板</Filter>
    </ClCompile>
  </ItemGroup>
  <ItemGroup>
    <ClInclude Include="bullet.h">
      <Filter>子弹类</Filter>
    </ClInclude>
    <ClInclude Include="game.h">
      <Filter>游戏类</Filter>
    </ClInclude>
    <ClInclude Include="main.h">
      <Filter>main函数</Filter>
    </ClInclude>
    <ClInclude Include="map.h">
      <Filter>地图类</Filter>
    </ClInclude>
    <ClInclude Include="tank.h">
      <Filter>坦克类</Filter>
    </ClInclude>
    <ClInclude Include="score.h">
      <Filter>计分板</Filter>
    </ClInclude>
  </ItemGroup>
</Project>